// !$*UTF8*$!
{
	archiveVersion = 1;
	classes = {
	};
	objectVersion = 48;
	objects = {

/* Begin PBXBuildFile section */
		B81F9A641FBBDE9800E99C46 /* Icon-144.png in Resources */ = {isa = PBXBuildFile; fileRef = B81F9A461FBBDE9600E99C46 /* Icon-144.png */; };
		B81F9A651FBBDE9800E99C46 /* Icon-55.png in Resources */ = {isa = PBXBuildFile; fileRef = B81F9A471FBBDE9600E99C46 /* Icon-55.png */; };
		B81F9A661FBBDE9800E99C46 /* Icon-64.png in Resources */ = {isa = PBXBuildFile; fileRef = B81F9A481FBBDE9600E99C46 /* Icon-64.png */; };
		B81F9A671FBBDE9800E99C46 /* Icon-32.png in Resources */ = {isa = PBXBuildFile; fileRef = B81F9A491FBBDE9600E99C46 /* Icon-32.png */; };
		B81F9A681FBBDE9800E99C46 /* Icon-88.png in Resources */ = {isa = PBXBuildFile; fileRef = B81F9A4A1FBBDE9600E99C46 /* Icon-88.png */; };
		B81F9A691FBBDE9800E99C46 /* Icon-40.png in Resources */ = {isa = PBXBuildFile; fileRef = B81F9A4B1FBBDE9600E99C46 /* Icon-40.png */; };
		B81F9A6A1FBBDE9800E99C46 /* Icon-196.png in Resources */ = {isa = PBXBuildFile; fileRef = B81F9A4C1FBBDE9600E99C46 /* Icon-196.png */; };
		B81F9A6B1FBBDE9800E99C46 /* Icon-48.png in Resources */ = {isa = PBXBuildFile; fileRef = B81F9A4D1FBBDE9600E99C46 /* Icon-48.png */; };
		B81F9A6C1FBBDE9800E99C46 /* Icon-114.png in Resources */ = {isa = PBXBuildFile; fileRef = B81F9A4E1FBBDE9600E99C46 /* Icon-114.png */; };
		B81F9A6D1FBBDE9800E99C46 /* Icon-58.png in Resources */ = {isa = PBXBuildFile; fileRef = B81F9A4F1FBBDE9600E99C46 /* Icon-58.png */; };
		B81F9A6E1FBBDE9800E99C46 /* Icon-512.png in Resources */ = {isa = PBXBuildFile; fileRef = B81F9A501FBBDE9600E99C46 /* Icon-512.png */; };
		B81F9A6F1FBBDE9800E99C46 /* Icon-76.png in Resources */ = {isa = PBXBuildFile; fileRef = B81F9A511FBBDE9600E99C46 /* Icon-76.png */; };
		B81F9A701FBBDE9800E99C46 /* Icon-72.png in Resources */ = {isa = PBXBuildFile; fileRef = B81F9A521FBBDE9600E99C46 /* Icon-72.png */; };
		B81F9A711FBBDE9800E99C46 /* Icon-29.png in Resources */ = {isa = PBXBuildFile; fileRef = B81F9A531FBBDE9700E99C46 /* Icon-29.png */; };
		B81F9A721FBBDE9800E99C46 /* Icon-20.png in Resources */ = {isa = PBXBuildFile; fileRef = B81F9A541FBBDE9700E99C46 /* Icon-20.png */; };
		B81F9A731FBBDE9800E99C46 /* Icon-50.png in Resources */ = {isa = PBXBuildFile; fileRef = B81F9A551FBBDE9700E99C46 /* Icon-50.png */; };
		B81F9A741FBBDE9800E99C46 /* Icon-180.png in Resources */ = {isa = PBXBuildFile; fileRef = B81F9A561FBBDE9700E99C46 /* Icon-180.png */; };
		B81F9A751FBBDE9800E99C46 /* Icon-87.png in Resources */ = {isa = PBXBuildFile; fileRef = B81F9A571FBBDE9700E99C46 /* Icon-87.png */; };
		B81F9A761FBBDE9800E99C46 /* Icon-256.png in Resources */ = {isa = PBXBuildFile; fileRef = B81F9A581FBBDE9700E99C46 /* Icon-256.png */; };
		B81F9A771FBBDE9800E99C46 /* Icon-120.png in Resources */ = {isa = PBXBuildFile; fileRef = B81F9A591FBBDE9700E99C46 /* Icon-120.png */; };
		B81F9A781FBBDE9800E99C46 /* Icon-1024.png in Resources */ = {isa = PBXBuildFile; fileRef = B81F9A5A1FBBDE9700E99C46 /* Icon-1024.png */; };
		B81F9A791FBBDE9800E99C46 /* Icon-172.png in Resources */ = {isa = PBXBuildFile; fileRef = B81F9A5B1FBBDE9700E99C46 /* Icon-172.png */; };
		B81F9A7A1FBBDE9800E99C46 /* Icon-16.png in Resources */ = {isa = PBXBuildFile; fileRef = B81F9A5C1FBBDE9700E99C46 /* Icon-16.png */; };
		B81F9A7B1FBBDE9800E99C46 /* Icon-57.png in Resources */ = {isa = PBXBuildFile; fileRef = B81F9A5D1FBBDE9700E99C46 /* Icon-57.png */; };
		B81F9A7C1FBBDE9800E99C46 /* Icon-167.png in Resources */ = {isa = PBXBuildFile; fileRef = B81F9A5E1FBBDE9700E99C46 /* Icon-167.png */; };
		B81F9A7D1FBBDE9800E99C46 /* Icon-60.png in Resources */ = {isa = PBXBuildFile; fileRef = B81F9A5F1FBBDE9700E99C46 /* Icon-60.png */; };
		B81F9A7E1FBBDE9800E99C46 /* Icon-152.png in Resources */ = {isa = PBXBuildFile; fileRef = B81F9A601FBBDE9700E99C46 /* Icon-152.png */; };
		B81F9A7F1FBBDE9800E99C46 /* Icon-80.png in Resources */ = {isa = PBXBuildFile; fileRef = B81F9A611FBBDE9700E99C46 /* Icon-80.png */; };
		B81F9A801FBBDE9800E99C46 /* Icon-100.png in Resources */ = {isa = PBXBuildFile; fileRef = B81F9A621FBBDE9800E99C46 /* Icon-100.png */; };
		B81F9A811FBBDE9800E99C46 /* Icon-128.png in Resources */ = {isa = PBXBuildFile; fileRef = B81F9A631FBBDE9800E99C46 /* Icon-128.png */; };
		B81F9A831FBBE50B00E99C46 /* saveButton.png in Resources */ = {isa = PBXBuildFile; fileRef = B81F9A821FBBE50B00E99C46 /* saveButton.png */; };
		B81F9A851FBBE9F700E99C46 /* bkgReverso.png in Resources */ = {isa = PBXBuildFile; fileRef = B81F9A841FBBE9F700E99C46 /* bkgReverso.png */; };
		B81F9A881FBBEF0E00E99C46 /* arrowIconReverso.png in Resources */ = {isa = PBXBuildFile; fileRef = B81F9A861FBBEF0D00E99C46 /* arrowIconReverso.png */; };
		B81F9A891FBBEF0E00E99C46 /* arrowIconReverso2.png in Resources */ = {isa = PBXBuildFile; fileRef = B81F9A871FBBEF0D00E99C46 /* arrowIconReverso2.png */; };
		B81F9A8B1FBBF47B00E99C46 /* chainIcon.png in Resources */ = {isa = PBXBuildFile; fileRef = B81F9A8A1FBBF47A00E99C46 /* chainIcon.png */; };
		B886FA6A1FB244E100F72942 /* logoReverso.png in Resources */ = {isa = PBXBuildFile; fileRef = B886FA691FB244E100F72942 /* logoReverso.png */; };
		B886FAAE1FB8F42500F72942 /* CreateWords.swift in Sources */ = {isa = PBXBuildFile; fileRef = B886FAAD1FB8F42500F72942 /* CreateWords.swift */; };
		B886FAB01FB9009D00F72942 /* UserDefaultsManager.swift in Sources */ = {isa = PBXBuildFile; fileRef = B886FAAF1FB9009D00F72942 /* UserDefaultsManager.swift */; };
		B8EF2F871FBCBBF8002D990A /* launchScreenReverso.png in Resources */ = {isa = PBXBuildFile; fileRef = B8EF2F861FBCBBF7002D990A /* launchScreenReverso.png */; };
		B8EFF3A81FBC014900597FC1 /* bkgSujetIcon.png in Resources */ = {isa = PBXBuildFile; fileRef = B8EFF3A51FBC014800597FC1 /* bkgSujetIcon.png */; };
		B8EFF3A91FBC014900597FC1 /* traductionIcon.png in Resources */ = {isa = PBXBuildFile; fileRef = B8EFF3A61FBC014900597FC1 /* traductionIcon.png */; };
		B8EFF3AA1FBC014900597FC1 /* sujetIcon.png in Resources */ = {isa = PBXBuildFile; fileRef = B8EFF3A71FBC014900597FC1 /* sujetIcon.png */; };
		B8EFF3AC1FBC08F700597FC1 /* bkgTranslation.png in Resources */ = {isa = PBXBuildFile; fileRef = B8EFF3AB1FBC08F600597FC1 /* bkgTranslation.png */; };
		B8F215A81FAB5BC000140463 /* AppDelegate.swift in Sources */ = {isa = PBXBuildFile; fileRef = B8F215A71FAB5BC000140463 /* AppDelegate.swift */; };
		B8F215AA1FAB5BC000140463 /* ViewController.swift in Sources */ = {isa = PBXBuildFile; fileRef = B8F215A91FAB5BC000140463 /* ViewController.swift */; };
		B8F215AD1FAB5BC000140463 /* Main.storyboard in Resources */ = {isa = PBXBuildFile; fileRef = B8F215AB1FAB5BC000140463 /* Main.storyboard */; };
		B8F215AF1FAB5BC000140463 /* Assets.xcassets in Resources */ = {isa = PBXBuildFile; fileRef = B8F215AE1FAB5BC000140463 /* Assets.xcassets */; };
		B8F215B21FAB5BC000140463 /* LaunchScreen.storyboard in Resources */ = {isa = PBXBuildFile; fileRef = B8F215B01FAB5BC000140463 /* LaunchScreen.storyboard */; };
/* End PBXBuildFile section */

/* Begin PBXFileReference section */
		B81F9A461FBBDE9600E99C46 /* Icon-144.png */ = {isa = PBXFileReference; lastKnownFileType = image.png; name = "Icon-144.png"; path = "dictionnaire/working/Icon-144.png"; sourceTree = SOURCE_ROOT; };
		B81F9A471FBBDE9600E99C46 /* Icon-55.png */ = {isa = PBXFileReference; lastKnownFileType = image.png; name = "Icon-55.png"; path = "dictionnaire/working/Icon-55.png"; sourceTree = SOURCE_ROOT; };
		B81F9A481FBBDE9600E99C46 /* Icon-64.png */ = {isa = PBXFileReference; lastKnownFileType = image.png; name = "Icon-64.png"; path = "dictionnaire/working/Icon-64.png"; sourceTree = SOURCE_ROOT; };
		B81F9A491FBBDE9600E99C46 /* Icon-32.png */ = {isa = PBXFileReference; lastKnownFileType = image.png; name = "Icon-32.png"; path = "dictionnaire/working/Icon-32.png"; sourceTree = SOURCE_ROOT; };
		B81F9A4A1FBBDE9600E99C46 /* Icon-88.png */ = {isa = PBXFileReference; lastKnownFileType = image.png; name = "Icon-88.png"; path = "dictionnaire/working/Icon-88.png"; sourceTree = SOURCE_ROOT; };
		B81F9A4B1FBBDE9600E99C46 /* Icon-40.png */ = {isa = PBXFileReference; lastKnownFileType = image.png; name = "Icon-40.png"; path = "dictionnaire/working/Icon-40.png"; sourceTree = SOURCE_ROOT; };
		B81F9A4C1FBBDE9600E99C46 /* Icon-196.png */ = {isa = PBXFileReference; lastKnownFileType = image.png; name = "Icon-196.png"; path = "dictionnaire/working/Icon-196.png"; sourceTree = SOURCE_ROOT; };
		B81F9A4D1FBBDE9600E99C46 /* Icon-48.png */ = {isa = PBXFileReference; lastKnownFileType = image.png; name = "Icon-48.png"; path = "dictionnaire/working/Icon-48.png"; sourceTree = SOURCE_ROOT; };
		B81F9A4E1FBBDE9600E99C46 /* Icon-114.png */ = {isa = PBXFileReference; lastKnownFileType = image.png; name = "Icon-114.png"; path = "dictionnaire/working/Icon-114.png"; sourceTree = SOURCE_ROOT; };
		B81F9A4F1FBBDE9600E99C46 /* Icon-58.png */ = {isa = PBXFileReference; lastKnownFileType = image.png; name = "Icon-58.png"; path = "dictionnaire/working/Icon-58.png"; sourceTree = SOURCE_ROOT; };
		B81F9A501FBBDE9600E99C46 /* Icon-512.png */ = {isa = PBXFileReference; lastKnownFileType = image.png; name = "Icon-512.png"; path = "dictionnaire/working/Icon-512.png"; sourceTree = SOURCE_ROOT; };
		B81F9A511FBBDE9600E99C46 /* Icon-76.png */ = {isa = PBXFileReference; lastKnownFileType = image.png; name = "Icon-76.png"; path = "dictionnaire/working/Icon-76.png"; sourceTree = SOURCE_ROOT; };
		B81F9A521FBBDE9600E99C46 /* Icon-72.png */ = {isa = PBXFileReference; lastKnownFileType = image.png; name = "Icon-72.png"; path = "dictionnaire/working/Icon-72.png"; sourceTree = SOURCE_ROOT; };
		B81F9A531FBBDE9700E99C46 /* Icon-29.png */ = {isa = PBXFileReference; lastKnownFileType = image.png; name = "Icon-29.png"; path = "dictionnaire/working/Icon-29.png"; sourceTree = SOURCE_ROOT; };
		B81F9A541FBBDE9700E99C46 /* Icon-20.png */ = {isa = PBXFileReference; lastKnownFileType = image.png; name = "Icon-20.png"; path = "dictionnaire/working/Icon-20.png"; sourceTree = SOURCE_ROOT; };
		B81F9A551FBBDE9700E99C46 /* Icon-50.png */ = {isa = PBXFileReference; lastKnownFileType = image.png; name = "Icon-50.png"; path = "dictionnaire/working/Icon-50.png"; sourceTree = SOURCE_ROOT; };
		B81F9A561FBBDE9700E99C46 /* Icon-180.png */ = {isa = PBXFileReference; lastKnownFileType = image.png; name = "Icon-180.png"; path = "dictionnaire/working/Icon-180.png"; sourceTree = SOURCE_ROOT; };
		B81F9A571FBBDE9700E99C46 /* Icon-87.png */ = {isa = PBXFileReference; lastKnownFileType = image.png; name = "Icon-87.png"; path = "dictionnaire/working/Icon-87.png"; sourceTree = SOURCE_ROOT; };
		B81F9A581FBBDE9700E99C46 /* Icon-256.png */ = {isa = PBXFileReference; lastKnownFileType = image.png; name = "Icon-256.png"; path = "dictionnaire/working/Icon-256.png"; sourceTree = SOURCE_ROOT; };
		B81F9A591FBBDE9700E99C46 /* Icon-120.png */ = {isa = PBXFileReference; lastKnownFileType = image.png; name = "Icon-120.png"; path = "dictionnaire/working/Icon-120.png"; sourceTree = SOURCE_ROOT; };
		B81F9A5A1FBBDE9700E99C46 /* Icon-1024.png */ = {isa = PBXFileReference; lastKnownFileType = image.png; name = "Icon-1024.png"; path = "dictionnaire/working/Icon-1024.png"; sourceTree = SOURCE_ROOT; };
		B81F9A5B1FBBDE9700E99C46 /* Icon-172.png */ = {isa = PBXFileReference; lastKnownFileType = image.png; name = "Icon-172.png"; path = "dictionnaire/working/Icon-172.png"; sourceTree = SOURCE_ROOT; };
		B81F9A5C1FBBDE9700E99C46 /* Icon-16.png */ = {isa = PBXFileReference; lastKnownFileType = image.png; name = "Icon-16.png"; path = "dictionnaire/working/Icon-16.png"; sourceTree = SOURCE_ROOT; };
		B81F9A5D1FBBDE9700E99C46 /* Icon-57.png */ = {isa = PBXFileReference; lastKnownFileType = image.png; name = "Icon-57.png"; path = "dictionnaire/working/Icon-57.png"; sourceTree = SOURCE_ROOT; };
		B81F9A5E1FBBDE9700E99C46 /* Icon-167.png */ = {isa = PBXFileReference; lastKnownFileType = image.png; name = "Icon-167.png"; path = "dictionnaire/working/Icon-167.png"; sourceTree = SOURCE_ROOT; };
		B81F9A5F1FBBDE9700E99C46 /* Icon-60.png */ = {isa = PBXFileReference; lastKnownFileType = image.png; name = "Icon-60.png"; path = "dictionnaire/working/Icon-60.png"; sourceTree = SOURCE_ROOT; };
		B81F9A601FBBDE9700E99C46 /* Icon-152.png */ = {isa = PBXFileReference; lastKnownFileType = image.png; name = "Icon-152.png"; path = "dictionnaire/working/Icon-152.png"; sourceTree = SOURCE_ROOT; };
		B81F9A611FBBDE9700E99C46 /* Icon-80.png */ = {isa = PBXFileReference; lastKnownFileType = image.png; name = "Icon-80.png"; path = "dictionnaire/working/Icon-80.png"; sourceTree = SOURCE_ROOT; };
		B81F9A621FBBDE9800E99C46 /* Icon-100.png */ = {isa = PBXFileReference; lastKnownFileType = image.png; name = "Icon-100.png"; path = "dictionnaire/working/Icon-100.png"; sourceTree = SOURCE_ROOT; };
		B81F9A631FBBDE9800E99C46 /* Icon-128.png */ = {isa = PBXFileReference; lastKnownFileType = image.png; name = "Icon-128.png"; path = "dictionnaire/working/Icon-128.png"; sourceTree = SOURCE_ROOT; };
		B81F9A821FBBE50B00E99C46 /* saveButton.png */ = {isa = PBXFileReference; lastKnownFileType = image.png; name = saveButton.png; path = dictionnaire/working/saveButton.png; sourceTree = SOURCE_ROOT; };
		B81F9A841FBBE9F700E99C46 /* bkgReverso.png */ = {isa = PBXFileReference; lastKnownFileType = image.png; name = bkgReverso.png; path = dictionnaire/working/bkgReverso.png; sourceTree = SOURCE_ROOT; };
		B81F9A861FBBEF0D00E99C46 /* arrowIconReverso.png */ = {isa = PBXFileReference; lastKnownFileType = image.png; name = arrowIconReverso.png; path = dictionnaire/working/arrowIconReverso.png; sourceTree = SOURCE_ROOT; };
		B81F9A871FBBEF0D00E99C46 /* arrowIconReverso2.png */ = {isa = PBXFileReference; lastKnownFileType = image.png; name = arrowIconReverso2.png; path = dictionnaire/working/arrowIconReverso2.png; sourceTree = SOURCE_ROOT; };
		B81F9A8A1FBBF47A00E99C46 /* chainIcon.png */ = {isa = PBXFileReference; lastKnownFileType = image.png; name = chainIcon.png; path = dictionnaire/working/chainIcon.png; sourceTree = SOURCE_ROOT; };
		B886FA691FB244E100F72942 /* logoReverso.png */ = {isa = PBXFileReference; lastKnownFileType = image.png; name = logoReverso.png; path = dictionnaire/working/logoReverso.png; sourceTree = SOURCE_ROOT; };
		B886FAAD1FB8F42500F72942 /* CreateWords.swift */ = {isa = PBXFileReference; lastKnownFileType = sourcecode.swift; path = CreateWords.swift; sourceTree = "<group>"; };
		B886FAAF1FB9009D00F72942 /* UserDefaultsManager.swift */ = {isa = PBXFileReference; lastKnownFileType = sourcecode.swift; path = UserDefaultsManager.swift; sourceTree = "<group>"; };
		B8EF2F861FBCBBF7002D990A /* launchScreenReverso.png */ = {isa = PBXFileReference; lastKnownFileType = image.png; name = launchScreenReverso.png; path = dictionnaire/working/launchScreenReverso.png; sourceTree = SOURCE_ROOT; };
		B8EFF3A51FBC014800597FC1 /* bkgSujetIcon.png */ = {isa = PBXFileReference; lastKnownFileType = image.png; name = bkgSujetIcon.png; path = dictionnaire/working/bkgSujetIcon.png; sourceTree = SOURCE_ROOT; };
		B8EFF3A61FBC014900597FC1 /* traductionIcon.png */ = {isa = PBXFileReference; lastKnownFileType = image.png; name = traductionIcon.png; path = dictionnaire/working/traductionIcon.png; sourceTree = SOURCE_ROOT; };
		B8EFF3A71FBC014900597FC1 /* sujetIcon.png */ = {isa = PBXFileReference; lastKnownFileType = image.png; name = sujetIcon.png; path = dictionnaire/working/sujetIcon.png; sourceTree = SOURCE_ROOT; };
		B8EFF3AB1FBC08F600597FC1 /* bkgTranslation.png */ = {isa = PBXFileReference; lastKnownFileType = image.png; name = bkgTranslation.png; path = dictionnaire/working/bkgTranslation.png; sourceTree = SOURCE_ROOT; };
		B8F215A41FAB5BC000140463 /* dictionnaire.app */ = {isa = PBXFileReference; explicitFileType = wrapper.application; includeInIndex = 0; path = dictionnaire.app; sourceTree = BUILT_PRODUCTS_DIR; };
		B8F215A71FAB5BC000140463 /* AppDelegate.swift */ = {isa = PBXFileReference; lastKnownFileType = sourcecode.swift; path = AppDelegate.swift; sourceTree = "<group>"; };
		B8F215A91FAB5BC000140463 /* ViewController.swift */ = {isa = PBXFileReference; lastKnownFileType = sourcecode.swift; path = ViewController.swift; sourceTree = "<group>"; };
		B8F215AC1FAB5BC000140463 /* Base */ = {isa = PBXFileReference; lastKnownFileType = file.storyboard; name = Base; path = Base.lproj/Main.storyboard; sourceTree = "<group>"; };
		B8F215AE1FAB5BC000140463 /* Assets.xcassets */ = {isa = PBXFileReference; lastKnownFileType = folder.assetcatalog; path = Assets.xcassets; sourceTree = "<group>"; };
		B8F215B11FAB5BC000140463 /* Base */ = {isa = PBXFileReference; lastKnownFileType = file.storyboard; name = Base; path = Base.lproj/LaunchScreen.storyboard; sourceTree = "<group>"; };
		B8F215B31FAB5BC000140463 /* Info.plist */ = {isa = PBXFileReference; lastKnownFileType = text.plist.xml; path = Info.plist; sourceTree = "<group>"; };
/* End PBXFileReference section */

/* Begin PBXFrameworksBuildPhase section */
		B8F215A11FAB5BC000140463 /* Frameworks */ = {
			isa = PBXFrameworksBuildPhase;
			buildActionMask = 2147483647;
			files = (
			);
			runOnlyForDeploymentPostprocessing = 0;
		};
/* End PBXFrameworksBuildPhase section */

/* Begin PBXGroup section */
		B886FA681FB243D500F72942 /* images */ = {
			isa = PBXGroup;
			children = (
				B8EF2F861FBCBBF7002D990A /* launchScreenReverso.png */,
				B8EFF3AB1FBC08F600597FC1 /* bkgTranslation.png */,
				B8EFF3A51FBC014800597FC1 /* bkgSujetIcon.png */,
				B8EFF3A71FBC014900597FC1 /* sujetIcon.png */,
				B8EFF3A61FBC014900597FC1 /* traductionIcon.png */,
				B81F9A8A1FBBF47A00E99C46 /* chainIcon.png */,
				B81F9A861FBBEF0D00E99C46 /* arrowIconReverso.png */,
				B81F9A871FBBEF0D00E99C46 /* arrowIconReverso2.png */,
				B81F9A841FBBE9F700E99C46 /* bkgReverso.png */,
				B81F9A821FBBE50B00E99C46 /* saveButton.png */,
				B81F9A5C1FBBDE9700E99C46 /* Icon-16.png */,
				B81F9A541FBBDE9700E99C46 /* Icon-20.png */,
				B81F9A531FBBDE9700E99C46 /* Icon-29.png */,
				B81F9A491FBBDE9600E99C46 /* Icon-32.png */,
				B81F9A4B1FBBDE9600E99C46 /* Icon-40.png */,
				B81F9A4D1FBBDE9600E99C46 /* Icon-48.png */,
				B81F9A551FBBDE9700E99C46 /* Icon-50.png */,
				B81F9A471FBBDE9600E99C46 /* Icon-55.png */,
				B81F9A5D1FBBDE9700E99C46 /* Icon-57.png */,
				B81F9A4F1FBBDE9600E99C46 /* Icon-58.png */,
				B81F9A5F1FBBDE9700E99C46 /* Icon-60.png */,
				B81F9A481FBBDE9600E99C46 /* Icon-64.png */,
				B81F9A521FBBDE9600E99C46 /* Icon-72.png */,
				B81F9A511FBBDE9600E99C46 /* Icon-76.png */,
				B81F9A611FBBDE9700E99C46 /* Icon-80.png */,
				B81F9A571FBBDE9700E99C46 /* Icon-87.png */,
				B81F9A4A1FBBDE9600E99C46 /* Icon-88.png */,
				B81F9A621FBBDE9800E99C46 /* Icon-100.png */,
				B81F9A4E1FBBDE9600E99C46 /* Icon-114.png */,
				B81F9A591FBBDE9700E99C46 /* Icon-120.png */,
				B81F9A631FBBDE9800E99C46 /* Icon-128.png */,
				B81F9A461FBBDE9600E99C46 /* Icon-144.png */,
				B81F9A601FBBDE9700E99C46 /* Icon-152.png */,
				B81F9A5E1FBBDE9700E99C46 /* Icon-167.png */,
				B81F9A5B1FBBDE9700E99C46 /* Icon-172.png */,
				B81F9A561FBBDE9700E99C46 /* Icon-180.png */,
				B81F9A4C1FBBDE9600E99C46 /* Icon-196.png */,
				B81F9A581FBBDE9700E99C46 /* Icon-256.png */,
				B81F9A501FBBDE9600E99C46 /* Icon-512.png */,
				B81F9A5A1FBBDE9700E99C46 /* Icon-1024.png */,
				B886FA691FB244E100F72942 /* logoReverso.png */,
			);
			path = images;
			sourceTree = "<group>";
		};
		B8F2159B1FAB5BC000140463 = {
			isa = PBXGroup;
			children = (
				B8F215A61FAB5BC000140463 /* dictionnaire */,
				B8F215A51FAB5BC000140463 /* Products */,
			);
			sourceTree = "<group>";
		};
		B8F215A51FAB5BC000140463 /* Products */ = {
			isa = PBXGroup;
			children = (
				B8F215A41FAB5BC000140463 /* dictionnaire.app */,
			);
			name = Products;
			sourceTree = "<group>";
		};
		B8F215A61FAB5BC000140463 /* dictionnaire */ = {
			isa = PBXGroup;
			children = (
				B886FA681FB243D500F72942 /* images */,
				B886FAAF1FB9009D00F72942 /* UserDefaultsManager.swift */,
				B8F215A71FAB5BC000140463 /* AppDelegate.swift */,
				B8F215A91FAB5BC000140463 /* ViewController.swift */,
				B8F215AB1FAB5BC000140463 /* Main.storyboard */,
				B886FAAD1FB8F42500F72942 /* CreateWords.swift */,
				B8F215AE1FAB5BC000140463 /* Assets.xcassets */,
				B8F215B01FAB5BC000140463 /* LaunchScreen.storyboard */,
				B8F215B31FAB5BC000140463 /* Info.plist */,
			);
			path = dictionnaire;
			sourceTree = "<group>";
		};
/* End PBXGroup section */

/* Begin PBXNativeTarget section */
		B8F215A31FAB5BC000140463 /* dictionnaire */ = {
			isa = PBXNativeTarget;
			buildConfigurationList = B8F215B61FAB5BC000140463 /* Build configuration list for PBXNativeTarget "dictionnaire" */;
			buildPhases = (
				B8F215A01FAB5BC000140463 /* Sources */,
				B8F215A11FAB5BC000140463 /* Frameworks */,
				B8F215A21FAB5BC000140463 /* Resources */,
			);
			buildRules = (
			);
			dependencies = (
			);
			name = dictionnaire;
			productName = dictionnaire;
			productReference = B8F215A41FAB5BC000140463 /* dictionnaire.app */;
			productType = "com.apple.product-type.application";
		};
/* End PBXNativeTarget section */

/* Begin PBXProject section */
		B8F2159C1FAB5BC000140463 /* Project object */ = {
			isa = PBXProject;
			attributes = {
				LastSwiftUpdateCheck = 0910;
				LastUpgradeCheck = 0910;
				ORGANIZATIONNAME = "Gustavo Martins";
				TargetAttributes = {
					B8F215A31FAB5BC000140463 = {
						CreatedOnToolsVersion = 9.1;
						ProvisioningStyle = Automatic;
					};
				};
			};
			buildConfigurationList = B8F2159F1FAB5BC000140463 /* Build configuration list for PBXProject "dictionnaire" */;
			compatibilityVersion = "Xcode 8.0";
			developmentRegion = en;
			hasScannedForEncodings = 0;
			knownRegions = (
				en,
				Base,
			);
			mainGroup = B8F2159B1FAB5BC000140463;
			productRefGroup = B8F215A51FAB5BC000140463 /* Products */;
			projectDirPath = "";
			projectRoot = "";
			targets = (
				B8F215A31FAB5BC000140463 /* dictionnaire */,
			);
		};
/* End PBXProject section */

/* Begin PBXResourcesBuildPhase section */
		B8F215A21FAB5BC000140463 /* Resources */ = {
			isa = PBXResourcesBuildPhase;
			buildActionMask = 2147483647;
			files = (
				B81F9A881FBBEF0E00E99C46 /* arrowIconReverso.png in Resources */,
				B8F215B21FAB5BC000140463 /* LaunchScreen.storyboard in Resources */,
				B81F9A781FBBDE9800E99C46 /* Icon-1024.png in Resources */,
				B81F9A761FBBDE9800E99C46 /* Icon-256.png in Resources */,
				B81F9A6F1FBBDE9800E99C46 /* Icon-76.png in Resources */,
				B81F9A7B1FBBDE9800E99C46 /* Icon-57.png in Resources */,
				B81F9A671FBBDE9800E99C46 /* Icon-32.png in Resources */,
				B81F9A6C1FBBDE9800E99C46 /* Icon-114.png in Resources */,
				B886FA6A1FB244E100F72942 /* logoReverso.png in Resources */,
				B81F9A831FBBE50B00E99C46 /* saveButton.png in Resources */,
				B81F9A651FBBDE9800E99C46 /* Icon-55.png in Resources */,
				B81F9A691FBBDE9800E99C46 /* Icon-40.png in Resources */,
				B81F9A751FBBDE9800E99C46 /* Icon-87.png in Resources */,
				B8EFF3A91FBC014900597FC1 /* traductionIcon.png in Resources */,
				B81F9A661FBBDE9800E99C46 /* Icon-64.png in Resources */,
				B81F9A6D1FBBDE9800E99C46 /* Icon-58.png in Resources */,
				B8EFF3AA1FBC014900597FC1 /* sujetIcon.png in Resources */,
				B81F9A681FBBDE9800E99C46 /* Icon-88.png in Resources */,
				B81F9A6A1FBBDE9800E99C46 /* Icon-196.png in Resources */,
				B81F9A711FBBDE9800E99C46 /* Icon-29.png in Resources */,
				B81F9A6B1FBBDE9800E99C46 /* Icon-48.png in Resources */,
				B81F9A741FBBDE9800E99C46 /* Icon-180.png in Resources */,
				B81F9A8B1FBBF47B00E99C46 /* chainIcon.png in Resources */,
				B81F9A891FBBEF0E00E99C46 /* arrowIconReverso2.png in Resources */,
				B81F9A771FBBDE9800E99C46 /* Icon-120.png in Resources */,
				B81F9A801FBBDE9800E99C46 /* Icon-100.png in Resources */,
				B81F9A811FBBDE9800E99C46 /* Icon-128.png in Resources */,
				B8F215AF1FAB5BC000140463 /* Assets.xcassets in Resources */,
				B8EFF3AC1FBC08F700597FC1 /* bkgTranslation.png in Resources */,
				B81F9A7D1FBBDE9800E99C46 /* Icon-60.png in Resources */,
				B8EFF3A81FBC014900597FC1 /* bkgSujetIcon.png in Resources */,
				B81F9A7C1FBBDE9800E99C46 /* Icon-167.png in Resources */,
				B81F9A7E1FBBDE9800E99C46 /* Icon-152.png in Resources */,
				B81F9A641FBBDE9800E99C46 /* Icon-144.png in Resources */,
				B81F9A701FBBDE9800E99C46 /* Icon-72.png in Resources */,
				B81F9A791FBBDE9800E99C46 /* Icon-172.png in Resources */,
				B81F9A6E1FBBDE9800E99C46 /* Icon-512.png in Resources */,
				B81F9A731FBBDE9800E99C46 /* Icon-50.png in Resources */,
				B81F9A7F1FBBDE9800E99C46 /* Icon-80.png in Resources */,
				B81F9A721FBBDE9800E99C46 /* Icon-20.png in Resources */,
				B8F215AD1FAB5BC000140463 /* Main.storyboard in Resources */,
				B81F9A7A1FBBDE9800E99C46 /* Icon-16.png in Resources */,
				B81F9A851FBBE9F700E99C46 /* bkgReverso.png in Resources */,
				B8EF2F871FBCBBF8002D990A /* launchScreenReverso.png in Resources */,
			);
			runOnlyForDeploymentPostprocessing = 0;
		};
/* End PBXResourcesBuildPhase section */

/* Begin PBXSourcesBuildPhase section */
		B8F215A01FAB5BC000140463 /* Sources */ = {
			isa = PBXSourcesBuildPhase;
			buildActionMask = 2147483647;
			files = (
				B886FAAE1FB8F42500F72942 /* CreateWords.swift in Sources */,
				B8F215AA1FAB5BC000140463 /* ViewController.swift in Sources */,
				B886FAB01FB9009D00F72942 /* UserDefaultsManager.swift in Sources */,
				B8F215A81FAB5BC000140463 /* AppDelegate.swift in Sources */,
			);
			runOnlyForDeploymentPostprocessing = 0;
		};
/* End PBXSourcesBuildPhase section */

/* Begin PBXVariantGroup section */
		B8F215AB1FAB5BC000140463 /* Main.storyboard */ = {
			isa = PBXVariantGroup;
			children = (
				B8F215AC1FAB5BC000140463 /* Base */,
			);
			name = Main.storyboard;
			sourceTree = "<group>";
		};
		B8F215B01FAB5BC000140463 /* LaunchScreen.storyboard */ = {
			isa = PBXVariantGroup;
			children = (
				B8F215B11FAB5BC000140463 /* Base */,
			);
			name = LaunchScreen.storyboard;
			sourceTree = "<group>";
		};
/* End PBXVariantGroup section */

/* Begin XCBuildConfiguration section */
		B8F215B41FAB5BC000140463 /* Debug */ = {
			isa = XCBuildConfiguration;
			buildSettings = {
				ALWAYS_SEARCH_USER_PATHS = NO;
				CLANG_ANALYZER_NONNULL = YES;
				CLANG_ANALYZER_NUMBER_OBJECT_CONVERSION = YES_AGGRESSIVE;
				CLANG_CXX_LANGUAGE_STANDARD = "gnu++14";
				CLANG_CXX_LIBRARY = "libc++";
				CLANG_ENABLE_MODULES = YES;
				CLANG_ENABLE_OBJC_ARC = YES;
				CLANG_WARN_BLOCK_CAPTURE_AUTORELEASING = YES;
				CLANG_WARN_BOOL_CONVERSION = YES;
				CLANG_WARN_COMMA = YES;
				CLANG_WARN_CONSTANT_CONVERSION = YES;
				CLANG_WARN_DIRECT_OBJC_ISA_USAGE = YES_ERROR;
				CLANG_WARN_DOCUMENTATION_COMMENTS = YES;
				CLANG_WARN_EMPTY_BODY = YES;
				CLANG_WARN_ENUM_CONVERSION = YES;
				CLANG_WARN_INFINITE_RECURSION = YES;
				CLANG_WARN_INT_CONVERSION = YES;
				CLANG_WARN_NON_LITERAL_NULL_CONVERSION = YES;
				CLANG_WARN_OBJC_LITERAL_CONVERSION = YES;
				CLANG_WARN_OBJC_ROOT_CLASS = YES_ERROR;
				CLANG_WARN_RANGE_LOOP_ANALYSIS = YES;
				CLANG_WARN_STRICT_PROTOTYPES = YES;
				CLANG_WARN_SUSPICIOUS_MOVE = YES;
				CLANG_WARN_UNGUARDED_AVAILABILITY = YES_AGGRESSIVE;
				CLANG_WARN_UNREACHABLE_CODE = YES;
				CLANG_WARN__DUPLICATE_METHOD_MATCH = YES;
				CODE_SIGN_IDENTITY = "iPhone Developer";
				COPY_PHASE_STRIP = NO;
				DEBUG_INFORMATION_FORMAT = dwarf;
				ENABLE_STRICT_OBJC_MSGSEND = YES;
				ENABLE_TESTABILITY = YES;
				GCC_C_LANGUAGE_STANDARD = gnu11;
				GCC_DYNAMIC_NO_PIC = NO;
				GCC_NO_COMMON_BLOCKS = YES;
				GCC_OPTIMIZATION_LEVEL = 0;
				GCC_PREPROCESSOR_DEFINITIONS = (
					"DEBUG=1",
					"$(inherited)",
				);
				GCC_WARN_64_TO_32_BIT_CONVERSION = YES;
				GCC_WARN_ABOUT_RETURN_TYPE = YES_ERROR;
				GCC_WARN_UNDECLARED_SELECTOR = YES;
				GCC_WARN_UNINITIALIZED_AUTOS = YES_AGGRESSIVE;
				GCC_WARN_UNUSED_FUNCTION = YES;
				GCC_WARN_UNUSED_VARIABLE = YES;
				IPHONEOS_DEPLOYMENT_TARGET = 11.1;
				MTL_ENABLE_DEBUG_INFO = YES;
				ONLY_ACTIVE_ARCH = YES;
				SDKROOT = iphoneos;
				SWIFT_ACTIVE_COMPILATION_CONDITIONS = DEBUG;
				SWIFT_OPTIMIZATION_LEVEL = "-Onone";
			};
			name = Debug;
		};
		B8F215B51FAB5BC000140463 /* Release */ = {
			isa = XCBuildConfiguration;
			buildSettings = {
				ALWAYS_SEARCH_USER_PATHS = NO;
				CLANG_ANALYZER_NONNULL = YES;
				CLANG_ANALYZER_NUMBER_OBJECT_CONVERSION = YES_AGGRESSIVE;
				CLANG_CXX_LANGUAGE_STANDARD = "gnu++14";
				CLANG_CXX_LIBRARY = "libc++";
				CLANG_ENABLE_MODULES = YES;
				CLANG_ENABLE_OBJC_ARC = YES;
				CLANG_WARN_BLOCK_CAPTURE_AUTORELEASING = YES;
				CLANG_WARN_BOOL_CONVERSION = YES;
				CLANG_WARN_COMMA = YES;
				CLANG_WARN_CONSTANT_CONVERSION = YES;
				CLANG_WARN_DIRECT_OBJC_ISA_USAGE = YES_ERROR;
				CLANG_WARN_DOCUMENTATION_COMMENTS = YES;
				CLANG_WARN_EMPTY_BODY = YES;
				CLANG_WARN_ENUM_CONVERSION = YES;
				CLANG_WARN_INFINITE_RECURSION = YES;
				CLANG_WARN_INT_CONVERSION = YES;
				CLANG_WARN_NON_LITERAL_NULL_CONVERSION = YES;
				CLANG_WARN_OBJC_LITERAL_CONVERSION = YES;
				CLANG_WARN_OBJC_ROOT_CLASS = YES_ERROR;
				CLANG_WARN_RANGE_LOOP_ANALYSIS = YES;
				CLANG_WARN_STRICT_PROTOTYPES = YES;
				CLANG_WARN_SUSPICIOUS_MOVE = YES;
				CLANG_WARN_UNGUARDED_AVAILABILITY = YES_AGGRESSIVE;
				CLANG_WARN_UNREACHABLE_CODE = YES;
				CLANG_WARN__DUPLICATE_METHOD_MATCH = YES;
				CODE_SIGN_IDENTITY = "iPhone Developer";
				COPY_PHASE_STRIP = NO;
				DEBUG_INFORMATION_FORMAT = "dwarf-with-dsym";
				ENABLE_NS_ASSERTIONS = NO;
				ENABLE_STRICT_OBJC_MSGSEND = YES;
				GCC_C_LANGUAGE_STANDARD = gnu11;
				GCC_NO_COMMON_BLOCKS = YES;
				GCC_WARN_64_TO_32_BIT_CONVERSION = YES;
				GCC_WARN_ABOUT_RETURN_TYPE = YES_ERROR;
				GCC_WARN_UNDECLARED_SELECTOR = YES;
				GCC_WARN_UNINITIALIZED_AUTOS = YES_AGGRESSIVE;
				GCC_WARN_UNUSED_FUNCTION = YES;
				GCC_WARN_UNUSED_VARIABLE = YES;
				IPHONEOS_DEPLOYMENT_TARGET = 11.1;
				MTL_ENABLE_DEBUG_INFO = NO;
				SDKROOT = iphoneos;
				SWIFT_OPTIMIZATION_LEVEL = "-Owholemodule";
				VALIDATE_PRODUCT = YES;
			};
			name = Release;
		};
		B8F215B71FAB5BC000140463 /* Debug */ = {
			isa = XCBuildConfiguration;
			buildSettings = {
				ASSETCATALOG_COMPILER_APPICON_NAME = AppIcon;
				CODE_SIGN_STYLE = Automatic;
				DEVELOPMENT_TEAM = 27Q5JKBNU9;
				INFOPLIST_FILE = dictionnaire/Info.plist;
				LD_RUNPATH_SEARCH_PATHS = "$(inherited) @executable_path/Frameworks";
				PRODUCT_BUNDLE_IDENTIFIER = com.martinsgustavo.dictionnaire;
				PRODUCT_NAME = "$(TARGET_NAME)";
				SWIFT_VERSION = 4.0;
				TARGETED_DEVICE_FAMILY = "1,2";
			};
			name = Debug;
		};
		B8F215B81FAB5BC000140463 /* Release */ = {
			isa = XCBuildConfiguration;
			buildSettings = {
				ASSETCATALOG_COMPILER_APPICON_NAME = AppIcon;
				CODE_SIGN_STYLE = Automatic;
				DEVELOPMENT_TEAM = 27Q5JKBNU9;
				INFOPLIST_FILE = dictionnaire/Info.plist;
				LD_RUNPATH_SEARCH_PATHS = "$(inherited) @executable_path/Frameworks";
				PRODUCT_BUNDLE_IDENTIFIER = com.martinsgustavo.dictionnaire;
				PRODUCT_NAME = "$(TARGET_NAME)";
				SWIFT_VERSION = 4.0;
				TARGETED_DEVICE_FAMILY = "1,2";
			};
			name = Release;
		};
/* End XCBuildConfiguration section */

/* Begin XCConfigurationList section */
		B8F2159F1FAB5BC000140463 /* Build configuration list for PBXProject "dictionnaire" */ = {
			isa = XCConfigurationList;
			buildConfigurations = (
				B8F215B41FAB5BC000140463 /* Debug */,
				B8F215B51FAB5BC000140463 /* Release */,
			);
			defaultConfigurationIsVisible = 0;
			defaultConfigurationName = Release;
		};
		B8F215B61FAB5BC000140463 /* Build configuration list for PBXNativeTarget "dictionnaire" */ = {
			isa = XCConfigurationList;
			buildConfigurations = (
				B8F215B71FAB5BC000140463 /* Debug */,
				B8F215B81FAB5BC000140463 /* Release */,
			);
			defaultConfigurationIsVisible = 0;
			defaultConfigurationName = Release;
		};
/* End XCConfigurationList section */
	};
	rootObject = B8F2159C1FAB5BC000140463 /* Project object */;
}
